{
  "nodes": {
    "cicero": {
      "inputs": {
        "data-merge": "data-merge",
        "devshell": "devshell",
        "driver": "driver",
        "follower": "follower",
        "inclusive": "inclusive_3",
        "nixpkgs": "nixpkgs_2",
        "poetry2nix": "poetry2nix",
        "utils": "utils_3"
      },
      "locked": {
        "lastModified": 1645004893,
        "narHash": "sha256-kZ7OfQqmNSW04d4hRv3NDIy3r/FZJMs9zynJ4i4FW4A=",
        "owner": "input-output-hk",
        "repo": "cicero",
        "rev": "d7137e3efb204b10fe6cc821b83bbcd0fc52b2c6",
        "type": "github"
      },
      "original": {
        "owner": "input-output-hk",
        "repo": "cicero",
        "type": "github"
      }
    },
    "data-merge": {
      "inputs": {
        "nixlib": "nixlib"
      },
      "locked": {
        "lastModified": 1635967744,
        "narHash": "sha256-01065dNad3BIepNzrpYuYInxq/ynqtGMSsIiNqjND7E=",
        "owner": "divnix",
        "repo": "data-merge",
        "rev": "68bd71f980f75cf73bc5071982eddfe6bc089768",
        "type": "github"
      },
      "original": {
        "owner": "divnix",
        "repo": "data-merge",
        "type": "github"
      }
    },
    "devshell": {
      "locked": {
        "lastModified": 1632436039,
        "narHash": "sha256-OtITeVWcKXn1SpVEnImpTGH91FycCskGBPqmlxiykv4=",
        "owner": "numtide",
        "repo": "devshell",
        "rev": "7a7a7aa0adebe5488e5abaec688fd9ae0f8ea9c6",
        "type": "github"
      },
      "original": {
        "owner": "numtide",
        "repo": "devshell",
        "type": "github"
      }
    },
    "devshell_2": {
      "locked": {
        "lastModified": 1632436039,
        "narHash": "sha256-OtITeVWcKXn1SpVEnImpTGH91FycCskGBPqmlxiykv4=",
        "owner": "numtide",
        "repo": "devshell",
        "rev": "7a7a7aa0adebe5488e5abaec688fd9ae0f8ea9c6",
        "type": "github"
      },
      "original": {
        "owner": "numtide",
        "repo": "devshell",
        "type": "github"
      }
    },
    "devshell_3": {
      "locked": {
        "lastModified": 1636119665,
        "narHash": "sha256-e11Z9PyH9hdgTm4Vyl8S5iTwrv0um6+srzb1Ba+YUHA=",
        "owner": "numtide",
        "repo": "devshell",
        "rev": "ab14b1a3cb253f58e02f5f849d621292fbf81fad",
        "type": "github"
      },
      "original": {
        "owner": "numtide",
        "repo": "devshell",
        "type": "github"
      }
    },
    "devshell_4": {
      "locked": {
        "lastModified": 1636119665,
        "narHash": "sha256-e11Z9PyH9hdgTm4Vyl8S5iTwrv0um6+srzb1Ba+YUHA=",
        "owner": "numtide",
        "repo": "devshell",
        "rev": "ab14b1a3cb253f58e02f5f849d621292fbf81fad",
        "type": "github"
      },
      "original": {
        "owner": "numtide",
        "repo": "devshell",
        "type": "github"
      }
    },
    "driver": {
      "inputs": {
        "devshell": "devshell_2",
        "inclusive": "inclusive",
        "nix": "nix",
        "nixpkgs": [
          "cicero",
          "nixpkgs"
        ],
        "utils": "utils"
      },
      "locked": {
        "lastModified": 1644418487,
        "narHash": "sha256-nzFmmBYjNjWVy25bHLLmZECfwJm3nxcAr/mYVYxWggA=",
        "owner": "input-output-hk",
        "repo": "nomad-driver-nix",
        "rev": "7f7adb6814b4bf926597e4b810b803140176122c",
        "type": "github"
      },
      "original": {
        "owner": "input-output-hk",
        "repo": "nomad-driver-nix",
        "type": "github"
      }
    },
    "flake-utils": {
      "locked": {
        "lastModified": 1610051610,
        "narHash": "sha256-U9rPz/usA1/Aohhk7Cmc2gBrEEKRzcW4nwPWMPwja4Y=",
        "owner": "numtide",
        "repo": "flake-utils",
        "rev": "3982c9903e93927c2164caa727cd3f6a0e6d14cc",
        "type": "github"
      },
      "original": {
        "owner": "numtide",
        "repo": "flake-utils",
        "type": "github"
      }
    },
    "follower": {
      "inputs": {
        "devshell": "devshell_3",
        "inclusive": "inclusive_2",
        "nixpkgs": [
          "cicero",
          "nixpkgs"
        ],
        "utils": "utils_2"
      },
      "locked": {
        "lastModified": 1642008295,
        "narHash": "sha256-yx3lLN/hlvEeKItHJ5jH0KSm84IruTWMo78IItVPji4=",
        "owner": "input-output-hk",
        "repo": "nomad-follower",
        "rev": "b1b0b00e940026f72d16bdf13e36ad20f1826e8a",
        "type": "github"
      },
      "original": {
        "owner": "input-output-hk",
        "repo": "nomad-follower",
        "type": "github"
      }
    },
    "inclusive": {
      "inputs": {
        "stdlib": "stdlib"
      },
      "locked": {
        "lastModified": 1628098927,
        "narHash": "sha256-Ft4sdf7VPL8MQtu18AAPiN2s5pUsbv+3RxqzJSa/yzg=",
        "owner": "input-output-hk",
        "repo": "nix-inclusive",
        "rev": "13123eb7a8c3359738a4756b8d645729e8655b27",
        "type": "github"
      },
      "original": {
        "owner": "input-output-hk",
        "repo": "nix-inclusive",
        "type": "github"
      }
    },
    "inclusive_2": {
      "inputs": {
        "stdlib": "stdlib_2"
      },
      "locked": {
        "lastModified": 1628098927,
        "narHash": "sha256-Ft4sdf7VPL8MQtu18AAPiN2s5pUsbv+3RxqzJSa/yzg=",
        "owner": "input-output-hk",
        "repo": "nix-inclusive",
        "rev": "13123eb7a8c3359738a4756b8d645729e8655b27",
        "type": "github"
      },
      "original": {
        "owner": "input-output-hk",
        "repo": "nix-inclusive",
        "type": "github"
      }
    },
    "inclusive_3": {
      "inputs": {
        "stdlib": "stdlib_3"
      },
      "locked": {
        "lastModified": 1628098927,
        "narHash": "sha256-Ft4sdf7VPL8MQtu18AAPiN2s5pUsbv+3RxqzJSa/yzg=",
        "owner": "input-output-hk",
        "repo": "nix-inclusive",
        "rev": "13123eb7a8c3359738a4756b8d645729e8655b27",
        "type": "github"
      },
      "original": {
        "owner": "input-output-hk",
        "repo": "nix-inclusive",
        "type": "github"
      }
    },
    "inclusive_4": {
      "inputs": {
        "stdlib": "stdlib_4"
      },
      "locked": {
        "lastModified": 1628098927,
        "narHash": "sha256-Ft4sdf7VPL8MQtu18AAPiN2s5pUsbv+3RxqzJSa/yzg=",
        "owner": "input-output-hk",
        "repo": "nix-inclusive",
        "rev": "13123eb7a8c3359738a4756b8d645729e8655b27",
        "type": "github"
      },
      "original": {
        "owner": "input-output-hk",
        "repo": "nix-inclusive",
        "type": "github"
      }
    },
    "lowdown-src": {
      "flake": false,
      "locked": {
        "lastModified": 1633514407,
        "narHash": "sha256-Dw32tiMjdK9t3ETl5fzGrutQTzh2rufgZV4A/BbxuD4=",
        "owner": "kristapsdz",
        "repo": "lowdown",
        "rev": "d2c2b44ff6c27b936ec27358a2653caaef8f73b8",
        "type": "github"
      },
      "original": {
        "owner": "kristapsdz",
        "repo": "lowdown",
        "type": "github"
      }
    },
    "nix": {
      "inputs": {
        "lowdown-src": "lowdown-src",
        "nixpkgs": "nixpkgs",
        "nixpkgs-regression": "nixpkgs-regression"
      },
      "locked": {
        "lastModified": 1644413094,
        "narHash": "sha256-KLGaeSqvhuUFz6DxrB9r3w+lfp9bXIiCT9K1cqg7Ze8=",
        "owner": "nixos",
        "repo": "nix",
        "rev": "52f52319ad21bdbd7a33bb85eccc83756648f110",
        "type": "github"
      },
      "original": {
        "owner": "nixos",
        "repo": "nix",
        "rev": "52f52319ad21bdbd7a33bb85eccc83756648f110",
        "type": "github"
      }
    },
    "nixlib": {
      "locked": {
        "lastModified": 1638059559,
        "narHash": "sha256-cCGV2TCDLN+iwHxoplk4uZOvc7TqdlsW5nBVcu943IU=",
        "owner": "nix-community",
        "repo": "nixpkgs.lib",
        "rev": "44e0fa2ab408508a60dd4f213d75fd0c64262dde",
        "type": "github"
      },
      "original": {
        "owner": "nix-community",
        "repo": "nixpkgs.lib",
        "type": "github"
      }
    },
    "nixpkgs": {
      "locked": {
        "lastModified": 1632864508,
        "narHash": "sha256-d127FIvGR41XbVRDPVvozUPQ/uRHbHwvfyKHwEt5xFM=",
        "owner": "NixOS",
        "repo": "nixpkgs",
        "rev": "82891b5e2c2359d7e58d08849e4c89511ab94234",
        "type": "github"
      },
      "original": {
        "id": "nixpkgs",
        "ref": "nixos-21.05-small",
        "type": "indirect"
      }
    },
    "nixpkgs-regression": {
      "locked": {
        "lastModified": 1643052045,
        "narHash": "sha256-uGJ0VXIhWKGXxkeNnq4TvV3CIOkUJ3PAoLZ3HMzNVMw=",
        "owner": "NixOS",
        "repo": "nixpkgs",
        "rev": "215d4d0fd80ca5163643b03a33fde804a29cc1e2",
        "type": "github"
      },
      "original": {
        "id": "nixpkgs",
        "rev": "215d4d0fd80ca5163643b03a33fde804a29cc1e2",
        "type": "indirect"
      }
    },
    "nixpkgs_2": {
      "locked": {
        "lastModified": 1641909823,
        "narHash": "sha256-Uxo+Wm6c/ijNhaJlYtFLJG9mh75FYZaBreMC2ZE0nEY=",
        "owner": "NixOS",
        "repo": "nixpkgs",
        "rev": "f0f67400bc49c44f305d6fe17698a2f1ce1c29a0",
        "type": "github"
      },
      "original": {
        "owner": "NixOS",
        "ref": "nixpkgs-unstable",
        "repo": "nixpkgs",
        "type": "github"
      }
    },
    "nixpkgs_3": {
      "locked": {
        "lastModified": 1644486793,
        "narHash": "sha256-EeijR4guVHgVv+JpOX3cQO+1XdrkJfGmiJ9XVsVU530=",
        "owner": "nixos",
        "repo": "nixpkgs",
        "rev": "1882c6b7368fd284ad01b0a5b5601ef136321292",
        "type": "github"
      },
      "original": {
        "owner": "nixos",
        "ref": "nixpkgs-unstable",
        "repo": "nixpkgs",
        "type": "github"
      }
    },
    "poetry2nix": {
      "inputs": {
        "flake-utils": "flake-utils",
        "nixpkgs": [
          "cicero",
          "nixpkgs"
        ]
      },
      "locked": {
        "lastModified": 1641849362,
        "narHash": "sha256-1K3NOM0ZoFRVxU3HJ2G8CMZEtyRn0RpuUjsws7jKsds=",
        "owner": "nix-community",
        "repo": "poetry2nix",
        "rev": "6b063a31bc8fea6c1d9fdc47e9078772b0ba283b",
        "type": "github"
      },
      "original": {
        "owner": "nix-community",
        "ref": "fetched-projectdir-test",
        "repo": "poetry2nix",
        "type": "github"
      }
    },
    "root": {
      "inputs": {
        "cicero": "cicero",
        "devshell": "devshell_4",
        "inclusive": "inclusive_4",
        "nixpkgs": "nixpkgs_3",
        "utils": "utils_4"
      }
    },
    "stdlib": {
      "locked": {
        "lastModified": 1590026685,
        "narHash": "sha256-E5INrVvYX/P/UpcoUFDAsuHem+lsqT+/teBs9O7oc9Q=",
        "owner": "manveru",
        "repo": "nix-lib",
        "rev": "99088cf7febcdb21afd375a335dcafa959bef3ed",
        "type": "github"
      },
      "original": {
        "owner": "manveru",
        "repo": "nix-lib",
        "type": "github"
      }
    },
    "stdlib_2": {
      "locked": {
        "lastModified": 1590026685,
        "narHash": "sha256-E5INrVvYX/P/UpcoUFDAsuHem+lsqT+/teBs9O7oc9Q=",
        "owner": "manveru",
        "repo": "nix-lib",
        "rev": "99088cf7febcdb21afd375a335dcafa959bef3ed",
        "type": "github"
      },
      "original": {
        "owner": "manveru",
        "repo": "nix-lib",
        "type": "github"
      }
    },
    "stdlib_3": {
      "locked": {
        "lastModified": 1590026685,
        "narHash": "sha256-E5INrVvYX/P/UpcoUFDAsuHem+lsqT+/teBs9O7oc9Q=",
        "owner": "manveru",
        "repo": "nix-lib",
        "rev": "99088cf7febcdb21afd375a335dcafa959bef3ed",
        "type": "github"
      },
      "original": {
        "owner": "manveru",
        "repo": "nix-lib",
        "type": "github"
      }
    },
    "stdlib_4": {
      "locked": {
        "lastModified": 1590026685,
        "narHash": "sha256-E5INrVvYX/P/UpcoUFDAsuHem+lsqT+/teBs9O7oc9Q=",
        "owner": "manveru",
        "repo": "nix-lib",
        "rev": "99088cf7febcdb21afd375a335dcafa959bef3ed",
        "type": "github"
      },
      "original": {
        "owner": "manveru",
        "repo": "nix-lib",
        "type": "github"
      }
    },
    "utils": {
      "locked": {
        "lastModified": 1633020561,
        "narHash": "sha256-4uAiRqL9nP3d/NQ8VBqjQ5iZypHaM+X/FyWpXVXkwTA=",
        "owner": "kreisys",
        "repo": "flake-utils",
        "rev": "2923532a276a5595ee64376ec1b3db6ed8503c52",
        "type": "github"
      },
      "original": {
        "owner": "kreisys",
        "repo": "flake-utils",
        "type": "github"
      }
    },
    "utils_2": {
      "locked": {
        "lastModified": 1633020561,
        "narHash": "sha256-4uAiRqL9nP3d/NQ8VBqjQ5iZypHaM+X/FyWpXVXkwTA=",
        "owner": "kreisys",
        "repo": "flake-utils",
        "rev": "2923532a276a5595ee64376ec1b3db6ed8503c52",
        "type": "github"
      },
      "original": {
        "owner": "kreisys",
        "repo": "flake-utils",
        "type": "github"
      }
    },
    "utils_3": {
      "locked": {
        "lastModified": 1642700792,
        "narHash": "sha256-XqHrk7hFb+zBvRg6Ghl+AZDq03ov6OshJLiSWOoX5es=",
        "owner": "numtide",
        "repo": "flake-utils",
        "rev": "846b2ae0fc4cc943637d3d1def4454213e203cba",
        "type": "github"
      },
      "original": {
        "owner": "numtide",
        "repo": "flake-utils",
        "type": "github"
      }
    },
    "utils_4": {
      "locked": {
        "lastModified": 1633020561,
        "narHash": "sha256-4uAiRqL9nP3d/NQ8VBqjQ5iZypHaM+X/FyWpXVXkwTA=",
        "owner": "kreisys",
        "repo": "flake-utils",
        "rev": "2923532a276a5595ee64376ec1b3db6ed8503c52",
        "type": "github"
      },
      "original": {
        "owner": "kreisys",
        "repo": "flake-utils",
        "type": "github"
      }
    }
  },
  "root": "root",
  "version": 7
}
